
Microsoft Visual Studio Solution File, Format Version 12.00
# Visual Studio Version 17
VisualStudioVersion = 17.14.36414.22 d17.14
MinimumVisualStudioVersion = 10.0.40219.1
Project("{FAE04EC0-301F-11D3-BF4B-00C04F79EFBC}") = "Lab_ClasesYReglas_Poo", "Lab_ClasesYReglas_Poo\Lab_ClasesYReglas_Poo.csproj", "{4FCD759E-2AC3-430D-B2B0-6E9BAE99FD53}"
EndProject
Global
	GlobalSection(SolutionConfigurationPlatforms) = preSolution
		Debug|Any CPU = Debug|Any CPU
		Release|Any CPU = Release|Any CPU
	EndGlobalSection
	GlobalSection(ProjectConfigurationPlatforms) = postSolution
		{4FCD759E-2AC3-430D-B2B0-6E9BAE99FD53}.Debug|Any CPU.ActiveCfg = Debug|Any CPU
		{4FCD759E-2AC3-430D-B2B0-6E9BAE99FD53}.Debug|Any CPU.Build.0 = Debug|Any CPU
		{4FCD759E-2AC3-430D-B2B0-6E9BAE99FD53}.Release|Any CPU.ActiveCfg = Release|Any CPU
		{4FCD759E-2AC3-430D-B2B0-6E9BAE99FD53}.Release|Any CPU.Build.0 = Release|Any CPU
	EndGlobalSection
	GlobalSection(SolutionProperties) = preSolution
		HideSolutionNode = FALSE
	EndGlobalSection
	GlobalSection(ExtensibilityGlobals) = postSolution
		SolutionGuid = {4F887967-B253-4AA4-908D-DF9C2CA1CCD2}
	EndGlobalSection
EndGlobal
